
Microsoft Visual Studio Solution File, Format Version 12.00
# Visual Studio 15
VisualStudioVersion = 15.0.28307.1000
MinimumVisualStudioVersion = 10.0.40219.1
Project("{FAE04EC0-301F-11D3-BF4B-00C04F79EFBC}") = "conFake64Coder", "conFake64Coder\conFake64Coder.csproj", "{6719791F-7E2B-4516-9A9C-7F80041DFDB1}"
EndProject
Global
	GlobalSection(SolutionConfigurationPlatforms) = preSolution
		Debug|Any CPU = Debug|Any CPU
		Release|Any CPU = Release|Any CPU
	EndGlobalSection
	GlobalSection(ProjectConfigurationPlatforms) = postSolution
		{6719791F-7E2B-4516-9A9C-7F80041DFDB1}.Debug|Any CPU.ActiveCfg = Debug|Any CPU
		{6719791F-7E2B-4516-9A9C-7F80041DFDB1}.Debug|Any CPU.Build.0 = Debug|Any CPU
		{6719791F-7E2B-4516-9A9C-7F80041DFDB1}.Release|Any CPU.ActiveCfg = Release|Any CPU
		{6719791F-7E2B-4516-9A9C-7F80041DFDB1}.Release|Any CPU.Build.0 = Release|Any CPU
	EndGlobalSection
	GlobalSection(SolutionProperties) = preSolution
		HideSolutionNode = FALSE
	EndGlobalSection
	GlobalSection(ExtensibilityGlobals) = postSolution
		VisualSVNWorkingCopyRoot = .
		SolutionGuid = {B823DB87-5BCC-4FC0-B691-4B24CEABEDCF}
	EndGlobalSection
EndGlobal
